{
    "name": "@wintercms/wn-ckeditor-plugin",
    "version": "1.0.0",
    "lockfileVersion": 2,
    "requires": true,
    "packages": {
        "": {
            "name": "@wintercms/wn-ckeditor-plugin",
            "version": "1.0.0",
            "license": "MIT",
            "devDependencies": {
                "ckeditor4": "^4.20.0"
            }
        },
        "node_modules/ckeditor4": {
            "version": "4.20.0",
            "resolved": "https://registry.npmjs.org/ckeditor4/-/ckeditor4-4.20.0.tgz",
            "integrity": "sha512-Wa7OzaRXN6qRQ0IxIcX4CjZ5qxNlNqIbdQnBf9sxVEx22kTTsAaE5ePT+TpME0rJhLdCwAIRnbjRCJoGcp05oA==",
            "dev": true
        }
    },
    "dependencies": {
        "ckeditor4": {
            "version": "4.20.0",
            "resolved": "https://registry.npmjs.org/ckeditor4/-/ckeditor4-4.20.0.tgz",
            "integrity": "sha512-Wa7OzaRXN6qRQ0IxIcX4CjZ5qxNlNqIbdQnBf9sxVEx22kTTsAaE5ePT+TpME0rJhLdCwAIRnbjRCJoGcp05oA==",
            "dev": true
        }
    }
}
